// !$*UTF8*$!
{
	archiveVersion = 1;
	classes = {
	};
	objectVersion = 54;
	objects = {

/* Begin PBXBuildFile section */
		9063C46822FF1D6A003A451B /* FreSKProduct.swift in Sources */ = {isa = PBXBuildFile; fileRef = 9063C46722FF1D6A003A451B /* FreSKProduct.swift */; };
		9063C46A22FF1DB7003A451B /* FreSKDownload.swift in Sources */ = {isa = PBXBuildFile; fileRef = 9063C46922FF1DB7003A451B /* FreSKDownload.swift */; };
		9063C46C22FF1E2A003A451B /* FreSKProductDiscount.swift in Sources */ = {isa = PBXBuildFile; fileRef = 9063C46B22FF1E2A003A451B /* FreSKProductDiscount.swift */; };
		9063C46E22FF1E56003A451B /* FreSKProductSubscriptionPeriod.swift in Sources */ = {isa = PBXBuildFile; fileRef = 9063C46D22FF1E56003A451B /* FreSKProductSubscriptionPeriod.swift */; };
		9063C47022FF1EDB003A451B /* FrePurchase.swift in Sources */ = {isa = PBXBuildFile; fileRef = 9063C46F22FF1EDB003A451B /* FrePurchase.swift */; };
		9063C47222FF4C38003A451B /* FrePurchaseDetails.swift in Sources */ = {isa = PBXBuildFile; fileRef = 9063C47122FF4C38003A451B /* FrePurchaseDetails.swift */; };
		9063C47422FF4C58003A451B /* FrePaymentTransaction.swift in Sources */ = {isa = PBXBuildFile; fileRef = 9063C47322FF4C58003A451B /* FrePaymentTransaction.swift */; };
		9063C47622FF4C72003A451B /* FreRestoreResults.swift in Sources */ = {isa = PBXBuildFile; fileRef = 9063C47522FF4C72003A451B /* FreRestoreResults.swift */; };
		906EAED3259E9BCD00A82FB9 /* Cocoa.framework in Frameworks */ = {isa = PBXBuildFile; fileRef = 906EAED2259E9BCD00A82FB9 /* Cocoa.framework */; };
		906EAED5259E9BF300A82FB9 /* StoreKit.framework in Frameworks */ = {isa = PBXBuildFile; fileRef = 906EAED4259E9BF300A82FB9 /* StoreKit.framework */; };
		909EF12022D24DA2006EFEB4 /* StoreKit.framework in Frameworks */ = {isa = PBXBuildFile; fileRef = 909EF11F22D24DA2006EFEB4 /* StoreKit.framework */; };
		909EF14622D26E59006EFEB4 /* FreRetrieveResults.swift in Sources */ = {isa = PBXBuildFile; fileRef = 909EF14522D26E59006EFEB4 /* FreRetrieveResults.swift */; };
		90A5D3A323C0CEBA000AB585 /* FreReceiptError.swift in Sources */ = {isa = PBXBuildFile; fileRef = 90A5D3A223C0CEBA000AB585 /* FreReceiptError.swift */; };
		90AB882B23033ECE0009C9C7 /* FreReceiptItem.swift in Sources */ = {isa = PBXBuildFile; fileRef = 90AB882A23033ECE0009C9C7 /* FreReceiptItem.swift */; };
		90B723A823BF77E10033DF40 /* SwiftyJSON in Frameworks */ = {isa = PBXBuildFile; productRef = 90B723A723BF77E10033DF40 /* SwiftyJSON */; };
		90B723AB23BF785E0033DF40 /* SwiftyStoreKit in Frameworks */ = {isa = PBXBuildFile; productRef = 90B723AA23BF785E0033DF40 /* SwiftyStoreKit */; };
		90BE821022D3A75900AF56CC /* StoreKitEvent.swift in Sources */ = {isa = PBXBuildFile; fileRef = 90BE820F22D3A75900AF56CC /* StoreKitEvent.swift */; };
		90E2F11B23CA2116005C8D46 /* FreRestoreResults.swift in Sources */ = {isa = PBXBuildFile; fileRef = 9063C47522FF4C72003A451B /* FreRestoreResults.swift */; };
		90E2F11C23CA2116005C8D46 /* FreSKDownload.swift in Sources */ = {isa = PBXBuildFile; fileRef = 9063C46922FF1DB7003A451B /* FreSKDownload.swift */; };
		90E2F11D23CA2116005C8D46 /* FreSKProduct.swift in Sources */ = {isa = PBXBuildFile; fileRef = 9063C46722FF1D6A003A451B /* FreSKProduct.swift */; };
		90E2F11E23CA2116005C8D46 /* FreSKProductDiscount.swift in Sources */ = {isa = PBXBuildFile; fileRef = 9063C46B22FF1E2A003A451B /* FreSKProductDiscount.swift */; };
		90E2F11F23CA2116005C8D46 /* FreReceiptItem.swift in Sources */ = {isa = PBXBuildFile; fileRef = 90AB882A23033ECE0009C9C7 /* FreReceiptItem.swift */; };
		90E2F12023CA2116005C8D46 /* StoreKitEvent.swift in Sources */ = {isa = PBXBuildFile; fileRef = 90BE820F22D3A75900AF56CC /* StoreKitEvent.swift */; };
		90E2F12123CA2116005C8D46 /* FrePurchase.swift in Sources */ = {isa = PBXBuildFile; fileRef = 9063C46F22FF1EDB003A451B /* FrePurchase.swift */; };
		90E2F12223CA2116005C8D46 /* FreReceiptError.swift in Sources */ = {isa = PBXBuildFile; fileRef = 90A5D3A223C0CEBA000AB585 /* FreReceiptError.swift */; };
		90E2F12323CA2116005C8D46 /* SwiftController.swift in Sources */ = {isa = PBXBuildFile; fileRef = CE0560411FB25D1B00D06976 /* SwiftController.swift */; };
		90E2F12423CA2116005C8D46 /* SwiftController+FreSwift.swift in Sources */ = {isa = PBXBuildFile; fileRef = CEC5AEFD202F536F00519265 /* SwiftController+FreSwift.swift */; };
		90E2F12523CA2116005C8D46 /* FrePaymentTransaction.swift in Sources */ = {isa = PBXBuildFile; fileRef = 9063C47322FF4C58003A451B /* FrePaymentTransaction.swift */; };
		90E2F12623CA2116005C8D46 /* FrePurchaseDetails.swift in Sources */ = {isa = PBXBuildFile; fileRef = 9063C47122FF4C38003A451B /* FrePurchaseDetails.swift */; };
		90E2F12723CA2116005C8D46 /* FreRetrieveResults.swift in Sources */ = {isa = PBXBuildFile; fileRef = 909EF14522D26E59006EFEB4 /* FreRetrieveResults.swift */; };
		90E2F12823CA2116005C8D46 /* FreSKProductSubscriptionPeriod.swift in Sources */ = {isa = PBXBuildFile; fileRef = 9063C46D22FF1E56003A451B /* FreSKProductSubscriptionPeriod.swift */; };
		90E2F12A23CA2116005C8D46 /* SwiftyJSON in Frameworks */ = {isa = PBXBuildFile; productRef = 90E2F11623CA2116005C8D46 /* SwiftyJSON */; };
		90E2F12B23CA2116005C8D46 /* SwiftyStoreKit in Frameworks */ = {isa = PBXBuildFile; productRef = 90E2F11823CA2116005C8D46 /* SwiftyStoreKit */; };
		90E2F12C23CA2116005C8D46 /* StoreKit.framework in Frameworks */ = {isa = PBXBuildFile; fileRef = 909EF11F22D24DA2006EFEB4 /* StoreKit.framework */; };
		90E2F12F23CA2116005C8D46 /* InAppPurchaseANE_FW.h in Headers */ = {isa = PBXBuildFile; fileRef = CE87F4851FB259FA005CF7DF /* InAppPurchaseANE_FW.h */; settings = {ATTRIBUTES = (Public, ); }; };
		90E2F13023CA2116005C8D46 /* FreMacros.h in Headers */ = {isa = PBXBuildFile; fileRef = CE05604D1FB25E8E00D06976 /* FreMacros.h */; };
		90E2F13F23CA232A005C8D46 /* FreSwift.framework in Frameworks */ = {isa = PBXBuildFile; fileRef = 90E2F13723CA221D005C8D46 /* FreSwift.framework */; };
		90E2F14E23CA269E005C8D46 /* InAppPurchaseANE.m in Sources */ = {isa = PBXBuildFile; fileRef = CE87F4781FB259DB005CF7DF /* InAppPurchaseANE.m */; };
		90E2F15123CA26BD005C8D46 /* InAppPurchaseANE_FW.framework in Frameworks */ = {isa = PBXBuildFile; fileRef = 90E2F13523CA2116005C8D46 /* InAppPurchaseANE_FW.framework */; };
		90E2F15223CA26CD005C8D46 /* FreSwift.framework in Frameworks */ = {isa = PBXBuildFile; fileRef = 90E2F13723CA221D005C8D46 /* FreSwift.framework */; };
		90E2F15423CA26EF005C8D46 /* FreMacros.h in Headers */ = {isa = PBXBuildFile; fileRef = CE05604D1FB25E8E00D06976 /* FreMacros.h */; };
		90E2F15523CA270C005C8D46 /* InAppPurchaseANE_oc.h in Headers */ = {isa = PBXBuildFile; fileRef = CE87F4771FB259DB005CF7DF /* InAppPurchaseANE_oc.h */; };
		90E2F16623CA2A55005C8D46 /* SwiftyJSON in Frameworks */ = {isa = PBXBuildFile; productRef = 90E2F16523CA2A55005C8D46 /* SwiftyJSON */; };
		90E2F16823CA2A5A005C8D46 /* SwiftyStoreKit in Frameworks */ = {isa = PBXBuildFile; productRef = 90E2F16723CA2A5A005C8D46 /* SwiftyStoreKit */; };
		90E2F16A23CA2A74005C8D46 /* Adobe AIR in Frameworks */ = {isa = PBXBuildFile; fileRef = 90E2F16923CA2A74005C8D46 /* Adobe AIR */; };
		90E2F16C23CA2A7B005C8D46 /* Adobe AIR_64 in Frameworks */ = {isa = PBXBuildFile; fileRef = 90E2F16B23CA2A7B005C8D46 /* Adobe AIR_64 */; };
		90E2F16E23CA2A8F005C8D46 /* FreSwift.framework in Frameworks */ = {isa = PBXBuildFile; fileRef = 90E2F16D23CA2A8F005C8D46 /* FreSwift.framework */; };
		90E2F17123CA2BF5005C8D46 /* FreMacros.h in Headers */ = {isa = PBXBuildFile; fileRef = CE05604D1FB25E8E00D06976 /* FreMacros.h */; };
		90E2F17223CA2BFD005C8D46 /* InAppPurchaseANE_oc.h in Headers */ = {isa = PBXBuildFile; fileRef = CE87F4771FB259DB005CF7DF /* InAppPurchaseANE_oc.h */; };
		90E2F17323CA2C18005C8D46 /* InAppPurchaseANE.m in Sources */ = {isa = PBXBuildFile; fileRef = CE87F4781FB259DB005CF7DF /* InAppPurchaseANE.m */; };
		90E2F17423CA2C35005C8D46 /* StoreKitEvent.swift in Sources */ = {isa = PBXBuildFile; fileRef = 90BE820F22D3A75900AF56CC /* StoreKitEvent.swift */; };
		90E2F17523CA2C35005C8D46 /* FreRetrieveResults.swift in Sources */ = {isa = PBXBuildFile; fileRef = 909EF14522D26E59006EFEB4 /* FreRetrieveResults.swift */; };
		90E2F17623CA2C35005C8D46 /* FreSKProduct.swift in Sources */ = {isa = PBXBuildFile; fileRef = 9063C46722FF1D6A003A451B /* FreSKProduct.swift */; };
		90E2F17723CA2C35005C8D46 /* FreSKDownload.swift in Sources */ = {isa = PBXBuildFile; fileRef = 9063C46922FF1DB7003A451B /* FreSKDownload.swift */; };
		90E2F17823CA2C35005C8D46 /* FreSKProductDiscount.swift in Sources */ = {isa = PBXBuildFile; fileRef = 9063C46B22FF1E2A003A451B /* FreSKProductDiscount.swift */; };
		90E2F17923CA2C35005C8D46 /* FreSKProductSubscriptionPeriod.swift in Sources */ = {isa = PBXBuildFile; fileRef = 9063C46D22FF1E56003A451B /* FreSKProductSubscriptionPeriod.swift */; };
		90E2F17A23CA2C35005C8D46 /* FrePurchase.swift in Sources */ = {isa = PBXBuildFile; fileRef = 9063C46F22FF1EDB003A451B /* FrePurchase.swift */; };
		90E2F17B23CA2C35005C8D46 /* FrePurchaseDetails.swift in Sources */ = {isa = PBXBuildFile; fileRef = 9063C47122FF4C38003A451B /* FrePurchaseDetails.swift */; };
		90E2F17C23CA2C35005C8D46 /* FrePaymentTransaction.swift in Sources */ = {isa = PBXBuildFile; fileRef = 9063C47322FF4C58003A451B /* FrePaymentTransaction.swift */; };
		90E2F17D23CA2C35005C8D46 /* FreRestoreResults.swift in Sources */ = {isa = PBXBuildFile; fileRef = 9063C47522FF4C72003A451B /* FreRestoreResults.swift */; };
		90E2F17E23CA2C35005C8D46 /* FreReceiptItem.swift in Sources */ = {isa = PBXBuildFile; fileRef = 90AB882A23033ECE0009C9C7 /* FreReceiptItem.swift */; };
		90E2F17F23CA2C35005C8D46 /* FreReceiptError.swift in Sources */ = {isa = PBXBuildFile; fileRef = 90A5D3A223C0CEBA000AB585 /* FreReceiptError.swift */; };
		90E2F18023CA2C35005C8D46 /* SwiftController.swift in Sources */ = {isa = PBXBuildFile; fileRef = CE0560411FB25D1B00D06976 /* SwiftController.swift */; };
		90E2F18123CA2C35005C8D46 /* SwiftController+FreSwift.swift in Sources */ = {isa = PBXBuildFile; fileRef = CEC5AEFD202F536F00519265 /* SwiftController+FreSwift.swift */; };
		CE05603F1FB25CE200D06976 /* FreSwift.framework in Frameworks */ = {isa = PBXBuildFile; fileRef = CE05603E1FB25CE200D06976 /* FreSwift.framework */; platformFilter = ios; };
		CE0560401FB25CE200D06976 /* FreSwift.framework in Frameworks */ = {isa = PBXBuildFile; fileRef = CE05603E1FB25CE200D06976 /* FreSwift.framework */; };
		CE0560431FB25D1B00D06976 /* SwiftController.swift in Sources */ = {isa = PBXBuildFile; fileRef = CE0560411FB25D1B00D06976 /* SwiftController.swift */; };
		CE0560451FB25DD000D06976 /* InAppPurchaseANE_FW.framework in Frameworks */ = {isa = PBXBuildFile; fileRef = CE87F4831FB259FA005CF7DF /* InAppPurchaseANE_FW.framework */; platformFilter = ios; };
		CE05604A1FB25DF600D06976 /* InAppPurchaseANE_oc.h in Headers */ = {isa = PBXBuildFile; fileRef = CE87F4771FB259DB005CF7DF /* InAppPurchaseANE_oc.h */; platformFilter = ios; };
		CE05604E1FB25E8E00D06976 /* FreMacros.h in Headers */ = {isa = PBXBuildFile; fileRef = CE05604D1FB25E8E00D06976 /* FreMacros.h */; platformFilter = ios; };
		CE05604F1FB25E9F00D06976 /* FreMacros.h in Headers */ = {isa = PBXBuildFile; fileRef = CE05604D1FB25E8E00D06976 /* FreMacros.h */; };
		CE87F4791FB259DB005CF7DF /* InAppPurchaseANE.m in Sources */ = {isa = PBXBuildFile; fileRef = CE87F4781FB259DB005CF7DF /* InAppPurchaseANE.m */; platformFilter = ios; };
		CE87F4871FB259FA005CF7DF /* InAppPurchaseANE_FW.h in Headers */ = {isa = PBXBuildFile; fileRef = CE87F4851FB259FA005CF7DF /* InAppPurchaseANE_FW.h */; settings = {ATTRIBUTES = (Public, ); }; };
		CEC5AEFE202F536F00519265 /* SwiftController+FreSwift.swift in Sources */ = {isa = PBXBuildFile; fileRef = CEC5AEFD202F536F00519265 /* SwiftController+FreSwift.swift */; };
/* End PBXBuildFile section */

/* Begin PBXContainerItemProxy section */
		90E2F14F23CA26A9005C8D46 /* PBXContainerItemProxy */ = {
			isa = PBXContainerItemProxy;
			containerPortal = CE87F45D1FB259C9005CF7DF /* Project object */;
			proxyType = 1;
			remoteGlobalIDString = 90E2F11523CA2116005C8D46;
			remoteInfo = "InAppPurchaseANE_FW (tvOS)";
		};
		CE0560461FB25DD600D06976 /* PBXContainerItemProxy */ = {
			isa = PBXContainerItemProxy;
			containerPortal = CE87F45D1FB259C9005CF7DF /* Project object */;
			proxyType = 1;
			remoteGlobalIDString = CE87F4821FB259FA005CF7DF;
			remoteInfo = HelloWorldANE_FW;
		};
/* End PBXContainerItemProxy section */

/* Begin PBXFileReference section */
		9063C46722FF1D6A003A451B /* FreSKProduct.swift */ = {isa = PBXFileReference; lastKnownFileType = sourcecode.swift; path = FreSKProduct.swift; sourceTree = "<group>"; };
		9063C46922FF1DB7003A451B /* FreSKDownload.swift */ = {isa = PBXFileReference; lastKnownFileType = sourcecode.swift; path = FreSKDownload.swift; sourceTree = "<group>"; };
		9063C46B22FF1E2A003A451B /* FreSKProductDiscount.swift */ = {isa = PBXFileReference; lastKnownFileType = sourcecode.swift; path = FreSKProductDiscount.swift; sourceTree = "<group>"; };
		9063C46D22FF1E56003A451B /* FreSKProductSubscriptionPeriod.swift */ = {isa = PBXFileReference; lastKnownFileType = sourcecode.swift; path = FreSKProductSubscriptionPeriod.swift; sourceTree = "<group>"; };
		9063C46F22FF1EDB003A451B /* FrePurchase.swift */ = {isa = PBXFileReference; lastKnownFileType = sourcecode.swift; path = FrePurchase.swift; sourceTree = "<group>"; };
		9063C47122FF4C38003A451B /* FrePurchaseDetails.swift */ = {isa = PBXFileReference; lastKnownFileType = sourcecode.swift; path = FrePurchaseDetails.swift; sourceTree = "<group>"; };
		9063C47322FF4C58003A451B /* FrePaymentTransaction.swift */ = {isa = PBXFileReference; lastKnownFileType = sourcecode.swift; path = FrePaymentTransaction.swift; sourceTree = "<group>"; };
		9063C47522FF4C72003A451B /* FreRestoreResults.swift */ = {isa = PBXFileReference; lastKnownFileType = sourcecode.swift; path = FreRestoreResults.swift; sourceTree = "<group>"; };
		906EAED2259E9BCD00A82FB9 /* Cocoa.framework */ = {isa = PBXFileReference; lastKnownFileType = wrapper.framework; name = Cocoa.framework; path = Platforms/MacOSX.platform/Developer/SDKs/MacOSX11.1.sdk/System/Library/Frameworks/Cocoa.framework; sourceTree = DEVELOPER_DIR; };
		906EAED4259E9BF300A82FB9 /* StoreKit.framework */ = {isa = PBXFileReference; lastKnownFileType = wrapper.framework; name = StoreKit.framework; path = Platforms/MacOSX.platform/Developer/SDKs/MacOSX11.1.sdk/System/Library/Frameworks/StoreKit.framework; sourceTree = DEVELOPER_DIR; };
		909EF11F22D24DA2006EFEB4 /* StoreKit.framework */ = {isa = PBXFileReference; lastKnownFileType = wrapper.framework; name = StoreKit.framework; path = System/Library/Frameworks/StoreKit.framework; sourceTree = SDKROOT; };
		909EF14522D26E59006EFEB4 /* FreRetrieveResults.swift */ = {isa = PBXFileReference; lastKnownFileType = sourcecode.swift; path = FreRetrieveResults.swift; sourceTree = "<group>"; };
		90A5D3A223C0CEBA000AB585 /* FreReceiptError.swift */ = {isa = PBXFileReference; lastKnownFileType = sourcecode.swift; path = FreReceiptError.swift; sourceTree = "<group>"; };
		90AB882A23033ECE0009C9C7 /* FreReceiptItem.swift */ = {isa = PBXFileReference; lastKnownFileType = sourcecode.swift; path = FreReceiptItem.swift; sourceTree = "<group>"; };
		90BE820F22D3A75900AF56CC /* StoreKitEvent.swift */ = {isa = PBXFileReference; lastKnownFileType = sourcecode.swift; path = StoreKitEvent.swift; sourceTree = "<group>"; };
		90E2F13523CA2116005C8D46 /* InAppPurchaseANE_FW.framework */ = {isa = PBXFileReference; explicitFileType = wrapper.framework; includeInIndex = 0; path = InAppPurchaseANE_FW.framework; sourceTree = BUILT_PRODUCTS_DIR; };
		90E2F13723CA221D005C8D46 /* FreSwift.framework */ = {isa = PBXFileReference; lastKnownFileType = wrapper.framework; name = FreSwift.framework; path = Carthage/Build/tvOS/FreSwift.framework; sourceTree = "<group>"; };
		90E2F14023CA23DA005C8D46 /* StoreKit.framework */ = {isa = PBXFileReference; lastKnownFileType = wrapper.framework; name = StoreKit.framework; path = System/Library/Frameworks/StoreKit.framework; sourceTree = SDKROOT; };
		90E2F14523CA2636005C8D46 /* libInAppPurchaseANE_LIB.a */ = {isa = PBXFileReference; explicitFileType = archive.ar; includeInIndex = 0; path = libInAppPurchaseANE_LIB.a; sourceTree = BUILT_PRODUCTS_DIR; };
		90E2F15B23CA29F6005C8D46 /* InAppPurchaseANE.framework */ = {isa = PBXFileReference; explicitFileType = wrapper.framework; includeInIndex = 0; path = InAppPurchaseANE.framework; sourceTree = BUILT_PRODUCTS_DIR; };
		90E2F16923CA2A74005C8D46 /* Adobe AIR */ = {isa = PBXFileReference; lastKnownFileType = "compiled.mach-o.dylib"; name = "Adobe AIR"; path = "../../../../../SDKs/AIRSDK_32/runtimes/air-captive/mac/Adobe AIR.framework/Versions/1.0/Adobe AIR"; sourceTree = "<group>"; };
		90E2F16B23CA2A7B005C8D46 /* Adobe AIR_64 */ = {isa = PBXFileReference; lastKnownFileType = "compiled.mach-o.dylib"; name = "Adobe AIR_64"; path = "../../../../../SDKs/AIRSDK_32/runtimes/air-captive/mac/Adobe AIR.framework/Versions/1.0/Adobe AIR_64"; sourceTree = "<group>"; };
		90E2F16D23CA2A8F005C8D46 /* FreSwift.framework */ = {isa = PBXFileReference; lastKnownFileType = wrapper.framework; name = FreSwift.framework; path = Carthage/Build/Mac/FreSwift.framework; sourceTree = "<group>"; };
		CE05603E1FB25CE200D06976 /* FreSwift.framework */ = {isa = PBXFileReference; lastKnownFileType = wrapper.framework; name = FreSwift.framework; path = Carthage/Build/iOS/FreSwift.framework; sourceTree = "<group>"; };
		CE0560411FB25D1B00D06976 /* SwiftController.swift */ = {isa = PBXFileReference; fileEncoding = 4; lastKnownFileType = sourcecode.swift; path = SwiftController.swift; sourceTree = "<group>"; };
		CE05604D1FB25E8E00D06976 /* FreMacros.h */ = {isa = PBXFileReference; fileEncoding = 4; lastKnownFileType = sourcecode.c.h; name = FreMacros.h; path = InAppPurchaseANE/Headers/FreMacros.h; sourceTree = SOURCE_ROOT; };
		CE87F4751FB259DB005CF7DF /* libInAppPurchaseANE_LIB.a */ = {isa = PBXFileReference; explicitFileType = archive.ar; includeInIndex = 0; path = libInAppPurchaseANE_LIB.a; sourceTree = BUILT_PRODUCTS_DIR; };
		CE87F4771FB259DB005CF7DF /* InAppPurchaseANE_oc.h */ = {isa = PBXFileReference; lastKnownFileType = sourcecode.c.h; name = InAppPurchaseANE_oc.h; path = InAppPurchaseANE/Headers/InAppPurchaseANE_oc.h; sourceTree = SOURCE_ROOT; };
		CE87F4781FB259DB005CF7DF /* InAppPurchaseANE.m */ = {isa = PBXFileReference; lastKnownFileType = sourcecode.c.objc; name = InAppPurchaseANE.m; path = InAppPurchaseANE/InAppPurchaseANE.m; sourceTree = SOURCE_ROOT; };
		CE87F4831FB259FA005CF7DF /* InAppPurchaseANE_FW.framework */ = {isa = PBXFileReference; explicitFileType = wrapper.framework; includeInIndex = 0; path = InAppPurchaseANE_FW.framework; sourceTree = BUILT_PRODUCTS_DIR; };
		CE87F4851FB259FA005CF7DF /* InAppPurchaseANE_FW.h */ = {isa = PBXFileReference; lastKnownFileType = sourcecode.c.h; path = InAppPurchaseANE_FW.h; sourceTree = "<group>"; };
		CE87F4861FB259FA005CF7DF /* Info.plist */ = {isa = PBXFileReference; lastKnownFileType = text.plist.xml; path = Info.plist; sourceTree = "<group>"; };
		CEC5AEFD202F536F00519265 /* SwiftController+FreSwift.swift */ = {isa = PBXFileReference; lastKnownFileType = sourcecode.swift; path = "SwiftController+FreSwift.swift"; sourceTree = "<group>"; };
		CEC5AEFF202F547E00519265 /* .swiftlint.yml */ = {isa = PBXFileReference; lastKnownFileType = text; path = .swiftlint.yml; sourceTree = "<group>"; };
/* End PBXFileReference section */

/* Begin PBXFrameworksBuildPhase section */
		90E2F12923CA2116005C8D46 /* Frameworks */ = {
			isa = PBXFrameworksBuildPhase;
			buildActionMask = 2147483647;
			files = (
				90E2F12A23CA2116005C8D46 /* SwiftyJSON in Frameworks */,
				90E2F12B23CA2116005C8D46 /* SwiftyStoreKit in Frameworks */,
				90E2F12C23CA2116005C8D46 /* StoreKit.framework in Frameworks */,
				90E2F13F23CA232A005C8D46 /* FreSwift.framework in Frameworks */,
			);
			runOnlyForDeploymentPostprocessing = 0;
		};
		90E2F14223CA2636005C8D46 /* Frameworks */ = {
			isa = PBXFrameworksBuildPhase;
			buildActionMask = 2147483647;
			files = (
				90E2F15123CA26BD005C8D46 /* InAppPurchaseANE_FW.framework in Frameworks */,
				90E2F15223CA26CD005C8D46 /* FreSwift.framework in Frameworks */,
			);
			runOnlyForDeploymentPostprocessing = 0;
		};
		90E2F15823CA29F6005C8D46 /* Frameworks */ = {
			isa = PBXFrameworksBuildPhase;
			buildActionMask = 2147483647;
			files = (
				90E2F16C23CA2A7B005C8D46 /* Adobe AIR_64 in Frameworks */,
				90E2F16A23CA2A74005C8D46 /* Adobe AIR in Frameworks */,
				90E2F16823CA2A5A005C8D46 /* SwiftyStoreKit in Frameworks */,
				90E2F16623CA2A55005C8D46 /* SwiftyJSON in Frameworks */,
				906EAED3259E9BCD00A82FB9 /* Cocoa.framework in Frameworks */,
				906EAED5259E9BF300A82FB9 /* StoreKit.framework in Frameworks */,
				90E2F16E23CA2A8F005C8D46 /* FreSwift.framework in Frameworks */,
			);
			runOnlyForDeploymentPostprocessing = 0;
		};
		CE87F4721FB259DB005CF7DF /* Frameworks */ = {
			isa = PBXFrameworksBuildPhase;
			buildActionMask = 2147483647;
			files = (
				CE0560451FB25DD000D06976 /* InAppPurchaseANE_FW.framework in Frameworks */,
				CE05603F1FB25CE200D06976 /* FreSwift.framework in Frameworks */,
			);
			runOnlyForDeploymentPostprocessing = 0;
		};
		CE87F47F1FB259FA005CF7DF /* Frameworks */ = {
			isa = PBXFrameworksBuildPhase;
			buildActionMask = 2147483647;
			files = (
				90B723A823BF77E10033DF40 /* SwiftyJSON in Frameworks */,
				90B723AB23BF785E0033DF40 /* SwiftyStoreKit in Frameworks */,
				909EF12022D24DA2006EFEB4 /* StoreKit.framework in Frameworks */,
				CE0560401FB25CE200D06976 /* FreSwift.framework in Frameworks */,
			);
			runOnlyForDeploymentPostprocessing = 0;
		};
/* End PBXFrameworksBuildPhase section */

/* Begin PBXGroup section */
		90638465220CBB5900ED65C8 /* Headers */ = {
			isa = PBXGroup;
			children = (
				CE05604D1FB25E8E00D06976 /* FreMacros.h */,
				CE87F4771FB259DB005CF7DF /* InAppPurchaseANE_oc.h */,
				CE87F4851FB259FA005CF7DF /* InAppPurchaseANE_FW.h */,
			);
			path = Headers;
			sourceTree = "<group>";
		};
		909EF14422D2634B006EFEB4 /* Extensions */ = {
			isa = PBXGroup;
			children = (
				909EF14522D26E59006EFEB4 /* FreRetrieveResults.swift */,
				9063C46722FF1D6A003A451B /* FreSKProduct.swift */,
				9063C46922FF1DB7003A451B /* FreSKDownload.swift */,
				9063C46B22FF1E2A003A451B /* FreSKProductDiscount.swift */,
				9063C46D22FF1E56003A451B /* FreSKProductSubscriptionPeriod.swift */,
				9063C46F22FF1EDB003A451B /* FrePurchase.swift */,
				9063C47122FF4C38003A451B /* FrePurchaseDetails.swift */,
				9063C47322FF4C58003A451B /* FrePaymentTransaction.swift */,
				9063C47522FF4C72003A451B /* FreRestoreResults.swift */,
				90AB882A23033ECE0009C9C7 /* FreReceiptItem.swift */,
				90A5D3A223C0CEBA000AB585 /* FreReceiptError.swift */,
			);
			path = Extensions;
			sourceTree = "<group>";
		};
		90BE820E22D3A6BB00AF56CC /* Events */ = {
			isa = PBXGroup;
			children = (
				90BE820F22D3A75900AF56CC /* StoreKitEvent.swift */,
			);
			path = Events;
			sourceTree = "<group>";
		};
		CE05603D1FB25CD100D06976 /* Frameworks */ = {
			isa = PBXGroup;
			children = (
				906EAED4259E9BF300A82FB9 /* StoreKit.framework */,
				906EAED2259E9BCD00A82FB9 /* Cocoa.framework */,
				90E2F16D23CA2A8F005C8D46 /* FreSwift.framework */,
				90E2F16923CA2A74005C8D46 /* Adobe AIR */,
				90E2F16B23CA2A7B005C8D46 /* Adobe AIR_64 */,
				90E2F13723CA221D005C8D46 /* FreSwift.framework */,
				CE05603E1FB25CE200D06976 /* FreSwift.framework */,
				909EF11F22D24DA2006EFEB4 /* StoreKit.framework */,
			);
			name = Frameworks;
			sourceTree = "<group>";
		};
		CE87F45C1FB259C9005CF7DF = {
			isa = PBXGroup;
			children = (
				CEC5AEFF202F547E00519265 /* .swiftlint.yml */,
				CE05603D1FB25CD100D06976 /* Frameworks */,
				90E2F14023CA23DA005C8D46 /* StoreKit.framework */,
				CE87F4841FB259FA005CF7DF /* InAppPurchaseANE */,
				CE87F4661FB259C9005CF7DF /* Products */,
			);
			sourceTree = "<group>";
		};
		CE87F4661FB259C9005CF7DF /* Products */ = {
			isa = PBXGroup;
			children = (
				CE87F4751FB259DB005CF7DF /* libInAppPurchaseANE_LIB.a */,
				CE87F4831FB259FA005CF7DF /* InAppPurchaseANE_FW.framework */,
				90E2F13523CA2116005C8D46 /* InAppPurchaseANE_FW.framework */,
				90E2F14523CA2636005C8D46 /* libInAppPurchaseANE_LIB.a */,
				90E2F15B23CA29F6005C8D46 /* InAppPurchaseANE.framework */,
			);
			name = Products;
			sourceTree = "<group>";
		};
		CE87F4841FB259FA005CF7DF /* InAppPurchaseANE */ = {
			isa = PBXGroup;
			children = (
				90BE820E22D3A6BB00AF56CC /* Events */,
				909EF14422D2634B006EFEB4 /* Extensions */,
				90638465220CBB5900ED65C8 /* Headers */,
				CE87F4781FB259DB005CF7DF /* InAppPurchaseANE.m */,
				CE87F4861FB259FA005CF7DF /* Info.plist */,
				CE0560411FB25D1B00D06976 /* SwiftController.swift */,
				CEC5AEFD202F536F00519265 /* SwiftController+FreSwift.swift */,
			);
			path = InAppPurchaseANE;
			sourceTree = "<group>";
		};
/* End PBXGroup section */

/* Begin PBXHeadersBuildPhase section */
		90E2F12E23CA2116005C8D46 /* Headers */ = {
			isa = PBXHeadersBuildPhase;
			buildActionMask = 2147483647;
			files = (
				90E2F12F23CA2116005C8D46 /* InAppPurchaseANE_FW.h in Headers */,
				90E2F13023CA2116005C8D46 /* FreMacros.h in Headers */,
			);
			runOnlyForDeploymentPostprocessing = 0;
		};
		90E2F15323CA26DA005C8D46 /* Headers */ = {
			isa = PBXHeadersBuildPhase;
			buildActionMask = 2147483647;
			files = (
				90E2F15523CA270C005C8D46 /* InAppPurchaseANE_oc.h in Headers */,
				90E2F15423CA26EF005C8D46 /* FreMacros.h in Headers */,
			);
			runOnlyForDeploymentPostprocessing = 0;
		};
		90E2F15623CA29F6005C8D46 /* Headers */ = {
			isa = PBXHeadersBuildPhase;
			buildActionMask = 2147483647;
			files = (
				90E2F17223CA2BFD005C8D46 /* InAppPurchaseANE_oc.h in Headers */,
				90E2F17123CA2BF5005C8D46 /* FreMacros.h in Headers */,
			);
			runOnlyForDeploymentPostprocessing = 0;
		};
		CE0560481FB25DEC00D06976 /* Headers */ = {
			isa = PBXHeadersBuildPhase;
			buildActionMask = 2147483647;
			files = (
				CE05604A1FB25DF600D06976 /* InAppPurchaseANE_oc.h in Headers */,
				CE05604E1FB25E8E00D06976 /* FreMacros.h in Headers */,
			);
			runOnlyForDeploymentPostprocessing = 0;
		};
		CE87F4801FB259FA005CF7DF /* Headers */ = {
			isa = PBXHeadersBuildPhase;
			buildActionMask = 2147483647;
			files = (
				CE87F4871FB259FA005CF7DF /* InAppPurchaseANE_FW.h in Headers */,
				CE05604F1FB25E9F00D06976 /* FreMacros.h in Headers */,
			);
			runOnlyForDeploymentPostprocessing = 0;
		};
/* End PBXHeadersBuildPhase section */

/* Begin PBXNativeTarget section */
		90E2F11523CA2116005C8D46 /* InAppPurchaseANE_FW (tvOS) */ = {
			isa = PBXNativeTarget;
			buildConfigurationList = 90E2F13223CA2116005C8D46 /* Build configuration list for PBXNativeTarget "InAppPurchaseANE_FW (tvOS)" */;
			buildPhases = (
				90E2F11A23CA2116005C8D46 /* Sources */,
				90E2F12923CA2116005C8D46 /* Frameworks */,
				90E2F12E23CA2116005C8D46 /* Headers */,
				90E2F13123CA2116005C8D46 /* ShellScript */,
			);
			buildRules = (
			);
			dependencies = (
			);
			name = "InAppPurchaseANE_FW (tvOS)";
			packageProductDependencies = (
				90E2F11623CA2116005C8D46 /* SwiftyJSON */,
				90E2F11823CA2116005C8D46 /* SwiftyStoreKit */,
			);
			productName = HelloWorldANE_FW;
			productReference = 90E2F13523CA2116005C8D46 /* InAppPurchaseANE_FW.framework */;
			productType = "com.apple.product-type.framework";
		};
		90E2F14423CA2636005C8D46 /* InAppPurchaseANE_LIB (tvOS) */ = {
			isa = PBXNativeTarget;
			buildConfigurationList = 90E2F14B23CA2636005C8D46 /* Build configuration list for PBXNativeTarget "InAppPurchaseANE_LIB (tvOS)" */;
			buildPhases = (
				90E2F14123CA2636005C8D46 /* Sources */,
				90E2F14223CA2636005C8D46 /* Frameworks */,
				90E2F15323CA26DA005C8D46 /* Headers */,
			);
			buildRules = (
			);
			dependencies = (
				90E2F15023CA26A9005C8D46 /* PBXTargetDependency */,
			);
			name = "InAppPurchaseANE_LIB (tvOS)";
			productName = InAppPurchaseANE_LIB;
			productReference = 90E2F14523CA2636005C8D46 /* libInAppPurchaseANE_LIB.a */;
			productType = "com.apple.product-type.library.static";
		};
		90E2F15A23CA29F6005C8D46 /* InAppPurchaseANE (macOS) */ = {
			isa = PBXNativeTarget;
			buildConfigurationList = 90E2F16023CA29F6005C8D46 /* Build configuration list for PBXNativeTarget "InAppPurchaseANE (macOS)" */;
			buildPhases = (
				90E2F15723CA29F6005C8D46 /* Sources */,
				90E2F15823CA29F6005C8D46 /* Frameworks */,
				90E2F15623CA29F6005C8D46 /* Headers */,
				90E2F18223CA307B005C8D46 /* ShellScript */,
			);
			buildRules = (
			);
			dependencies = (
			);
			name = "InAppPurchaseANE (macOS)";
			packageProductDependencies = (
				90E2F16523CA2A55005C8D46 /* SwiftyJSON */,
				90E2F16723CA2A5A005C8D46 /* SwiftyStoreKit */,
			);
			productName = InAppPurchaseANE;
			productReference = 90E2F15B23CA29F6005C8D46 /* InAppPurchaseANE.framework */;
			productType = "com.apple.product-type.framework";
		};
		CE87F4741FB259DB005CF7DF /* InAppPurchaseANE_LIB (iOS) */ = {
			isa = PBXNativeTarget;
			buildConfigurationList = CE87F47B1FB259DB005CF7DF /* Build configuration list for PBXNativeTarget "InAppPurchaseANE_LIB (iOS)" */;
			buildPhases = (
				CE87F4711FB259DB005CF7DF /* Sources */,
				CE87F4721FB259DB005CF7DF /* Frameworks */,
				CE0560481FB25DEC00D06976 /* Headers */,
				CEDDADE01FBFB84900D6EB5F /* ShellScript */,
			);
			buildRules = (
			);
			dependencies = (
				CE0560471FB25DD600D06976 /* PBXTargetDependency */,
			);
			name = "InAppPurchaseANE_LIB (iOS)";
			packageProductDependencies = (
			);
			productName = HelloWorldANE_LIB;
			productReference = CE87F4751FB259DB005CF7DF /* libInAppPurchaseANE_LIB.a */;
			productType = "com.apple.product-type.library.static";
		};
		CE87F4821FB259FA005CF7DF /* InAppPurchaseANE_FW (iOS) */ = {
			isa = PBXNativeTarget;
			buildConfigurationList = CE87F4881FB259FA005CF7DF /* Build configuration list for PBXNativeTarget "InAppPurchaseANE_FW (iOS)" */;
			buildPhases = (
				CE87F47E1FB259FA005CF7DF /* Sources */,
				CE87F47F1FB259FA005CF7DF /* Frameworks */,
				CE87F4801FB259FA005CF7DF /* Headers */,
				CEC5AF00202F54B300519265 /* ShellScript */,
			);
			buildRules = (
			);
			dependencies = (
			);
			name = "InAppPurchaseANE_FW (iOS)";
			packageProductDependencies = (
				90B723A723BF77E10033DF40 /* SwiftyJSON */,
				90B723AA23BF785E0033DF40 /* SwiftyStoreKit */,
			);
			productName = HelloWorldANE_FW;
			productReference = CE87F4831FB259FA005CF7DF /* InAppPurchaseANE_FW.framework */;
			productType = "com.apple.product-type.framework";
		};
/* End PBXNativeTarget section */

/* Begin PBXProject section */
		CE87F45D1FB259C9005CF7DF /* Project object */ = {
			isa = PBXProject;
			attributes = {
				LastUpgradeCheck = 1230;
				ORGANIZATIONNAME = "Tua Rua Ltd";
				TargetAttributes = {
					90E2F14423CA2636005C8D46 = {
						CreatedOnToolsVersion = 11.3;
					};
					90E2F15A23CA29F6005C8D46 = {
						CreatedOnToolsVersion = 11.3;
					};
					CE87F4741FB259DB005CF7DF = {
						CreatedOnToolsVersion = 8.3;
						LastSwiftMigration = 0830;
						ProvisioningStyle = Automatic;
					};
					CE87F4821FB259FA005CF7DF = {
						CreatedOnToolsVersion = 8.3;
						LastSwiftMigration = 1130;
						ProvisioningStyle = Manual;
					};
				};
			};
			buildConfigurationList = CE87F4601FB259C9005CF7DF /* Build configuration list for PBXProject "InAppPurchaseANE" */;
			compatibilityVersion = "Xcode 12.0";
			developmentRegion = en;
			hasScannedForEncodings = 0;
			knownRegions = (
				en,
				Base,
			);
			mainGroup = CE87F45C1FB259C9005CF7DF;
			packageReferences = (
				90B723A623BF77E10033DF40 /* XCRemoteSwiftPackageReference "SwiftyJSON" */,
				90B723A923BF785E0033DF40 /* XCRemoteSwiftPackageReference "SwiftyStoreKit" */,
			);
			productRefGroup = CE87F4661FB259C9005CF7DF /* Products */;
			projectDirPath = "";
			projectRoot = "";
			targets = (
				CE87F4741FB259DB005CF7DF /* InAppPurchaseANE_LIB (iOS) */,
				CE87F4821FB259FA005CF7DF /* InAppPurchaseANE_FW (iOS) */,
				90E2F14423CA2636005C8D46 /* InAppPurchaseANE_LIB (tvOS) */,
				90E2F11523CA2116005C8D46 /* InAppPurchaseANE_FW (tvOS) */,
				90E2F15A23CA29F6005C8D46 /* InAppPurchaseANE (macOS) */,
			);
		};
/* End PBXProject section */

/* Begin PBXShellScriptBuildPhase section */
		90E2F13123CA2116005C8D46 /* ShellScript */ = {
			isa = PBXShellScriptBuildPhase;
			buildActionMask = 2147483647;
			files = (
			);
			inputPaths = (
			);
			outputPaths = (
			);
			runOnlyForDeploymentPostprocessing = 0;
			shellPath = /bin/sh;
			shellScript = "if which swiftlint >/dev/null; then\nswiftlint\nelse\necho \"warning: SwiftLint not installed, download from https://github.com/realm/SwiftLint\"\nfi\n";
		};
		90E2F18223CA307B005C8D46 /* ShellScript */ = {
			isa = PBXShellScriptBuildPhase;
			buildActionMask = 2147483647;
			files = (
			);
			inputFileListPaths = (
			);
			inputPaths = (
			);
			outputFileListPaths = (
			);
			outputPaths = (
			);
			runOnlyForDeploymentPostprocessing = 0;
			shellPath = /bin/sh;
			shellScript = "if which swiftlint >/dev/null; then\nswiftlint\nelse\necho \"warning: SwiftLint not installed, download from https://github.com/realm/SwiftLint\"\nfi\n";
		};
		CEC5AF00202F54B300519265 /* ShellScript */ = {
			isa = PBXShellScriptBuildPhase;
			buildActionMask = 2147483647;
			files = (
			);
			inputPaths = (
			);
			outputPaths = (
			);
			runOnlyForDeploymentPostprocessing = 0;
			shellPath = /bin/sh;
			shellScript = "if which swiftlint >/dev/null; then\nswiftlint\nelse\necho \"warning: SwiftLint not installed, download from https://github.com/realm/SwiftLint\"\nfi\n";
		};
		CEDDADE01FBFB84900D6EB5F /* ShellScript */ = {
			isa = PBXShellScriptBuildPhase;
			buildActionMask = 8;
			files = (
			);
			inputPaths = (
			);
			outputPaths = (
			);
			runOnlyForDeploymentPostprocessing = 1;
			shellPath = /bin/sh;
			shellScript = "../../../native_extension/ane/build.sh\n";
		};
/* End PBXShellScriptBuildPhase section */

/* Begin PBXSourcesBuildPhase section */
		90E2F11A23CA2116005C8D46 /* Sources */ = {
			isa = PBXSourcesBuildPhase;
			buildActionMask = 2147483647;
			files = (
				90E2F11B23CA2116005C8D46 /* FreRestoreResults.swift in Sources */,
				90E2F11C23CA2116005C8D46 /* FreSKDownload.swift in Sources */,
				90E2F11D23CA2116005C8D46 /* FreSKProduct.swift in Sources */,
				90E2F11E23CA2116005C8D46 /* FreSKProductDiscount.swift in Sources */,
				90E2F11F23CA2116005C8D46 /* FreReceiptItem.swift in Sources */,
				90E2F12023CA2116005C8D46 /* StoreKitEvent.swift in Sources */,
				90E2F12123CA2116005C8D46 /* FrePurchase.swift in Sources */,
				90E2F12223CA2116005C8D46 /* FreReceiptError.swift in Sources */,
				90E2F12323CA2116005C8D46 /* SwiftController.swift in Sources */,
				90E2F12423CA2116005C8D46 /* SwiftController+FreSwift.swift in Sources */,
				90E2F12523CA2116005C8D46 /* FrePaymentTransaction.swift in Sources */,
				90E2F12623CA2116005C8D46 /* FrePurchaseDetails.swift in Sources */,
				90E2F12723CA2116005C8D46 /* FreRetrieveResults.swift in Sources */,
				90E2F12823CA2116005C8D46 /* FreSKProductSubscriptionPeriod.swift in Sources */,
			);
			runOnlyForDeploymentPostprocessing = 0;
		};
		90E2F14123CA2636005C8D46 /* Sources */ = {
			isa = PBXSourcesBuildPhase;
			buildActionMask = 2147483647;
			files = (
				90E2F14E23CA269E005C8D46 /* InAppPurchaseANE.m in Sources */,
			);
			runOnlyForDeploymentPostprocessing = 0;
		};
		90E2F15723CA29F6005C8D46 /* Sources */ = {
			isa = PBXSourcesBuildPhase;
			buildActionMask = 2147483647;
			files = (
				90E2F17423CA2C35005C8D46 /* StoreKitEvent.swift in Sources */,
				90E2F17523CA2C35005C8D46 /* FreRetrieveResults.swift in Sources */,
				90E2F17623CA2C35005C8D46 /* FreSKProduct.swift in Sources */,
				90E2F17723CA2C35005C8D46 /* FreSKDownload.swift in Sources */,
				90E2F17823CA2C35005C8D46 /* FreSKProductDiscount.swift in Sources */,
				90E2F17923CA2C35005C8D46 /* FreSKProductSubscriptionPeriod.swift in Sources */,
				90E2F17A23CA2C35005C8D46 /* FrePurchase.swift in Sources */,
				90E2F17B23CA2C35005C8D46 /* FrePurchaseDetails.swift in Sources */,
				90E2F17C23CA2C35005C8D46 /* FrePaymentTransaction.swift in Sources */,
				90E2F17D23CA2C35005C8D46 /* FreRestoreResults.swift in Sources */,
				90E2F17E23CA2C35005C8D46 /* FreReceiptItem.swift in Sources */,
				90E2F17F23CA2C35005C8D46 /* FreReceiptError.swift in Sources */,
				90E2F18023CA2C35005C8D46 /* SwiftController.swift in Sources */,
				90E2F18123CA2C35005C8D46 /* SwiftController+FreSwift.swift in Sources */,
				90E2F17323CA2C18005C8D46 /* InAppPurchaseANE.m in Sources */,
			);
			runOnlyForDeploymentPostprocessing = 0;
		};
		CE87F4711FB259DB005CF7DF /* Sources */ = {
			isa = PBXSourcesBuildPhase;
			buildActionMask = 2147483647;
			files = (
				CE87F4791FB259DB005CF7DF /* InAppPurchaseANE.m in Sources */,
			);
			runOnlyForDeploymentPostprocessing = 0;
		};
		CE87F47E1FB259FA005CF7DF /* Sources */ = {
			isa = PBXSourcesBuildPhase;
			buildActionMask = 2147483647;
			files = (
				9063C47622FF4C72003A451B /* FreRestoreResults.swift in Sources */,
				9063C46A22FF1DB7003A451B /* FreSKDownload.swift in Sources */,
				9063C46822FF1D6A003A451B /* FreSKProduct.swift in Sources */,
				9063C46C22FF1E2A003A451B /* FreSKProductDiscount.swift in Sources */,
				90AB882B23033ECE0009C9C7 /* FreReceiptItem.swift in Sources */,
				90BE821022D3A75900AF56CC /* StoreKitEvent.swift in Sources */,
				9063C47022FF1EDB003A451B /* FrePurchase.swift in Sources */,
				90A5D3A323C0CEBA000AB585 /* FreReceiptError.swift in Sources */,
				CE0560431FB25D1B00D06976 /* SwiftController.swift in Sources */,
				CEC5AEFE202F536F00519265 /* SwiftController+FreSwift.swift in Sources */,
				9063C47422FF4C58003A451B /* FrePaymentTransaction.swift in Sources */,
				9063C47222FF4C38003A451B /* FrePurchaseDetails.swift in Sources */,
				909EF14622D26E59006EFEB4 /* FreRetrieveResults.swift in Sources */,
				9063C46E22FF1E56003A451B /* FreSKProductSubscriptionPeriod.swift in Sources */,
			);
			runOnlyForDeploymentPostprocessing = 0;
		};
/* End PBXSourcesBuildPhase section */

/* Begin PBXTargetDependency section */
		90E2F15023CA26A9005C8D46 /* PBXTargetDependency */ = {
			isa = PBXTargetDependency;
			target = 90E2F11523CA2116005C8D46 /* InAppPurchaseANE_FW (tvOS) */;
			targetProxy = 90E2F14F23CA26A9005C8D46 /* PBXContainerItemProxy */;
		};
		CE0560471FB25DD600D06976 /* PBXTargetDependency */ = {
			isa = PBXTargetDependency;
			platformFilter = ios;
			target = CE87F4821FB259FA005CF7DF /* InAppPurchaseANE_FW (iOS) */;
			targetProxy = CE0560461FB25DD600D06976 /* PBXContainerItemProxy */;
		};
/* End PBXTargetDependency section */

/* Begin XCBuildConfiguration section */
		90E2F13323CA2116005C8D46 /* Debug */ = {
			isa = XCBuildConfiguration;
			buildSettings = {
				ALWAYS_EMBED_SWIFT_STANDARD_LIBRARIES = NO;
				CLANG_ENABLE_MODULES = YES;
				CODE_SIGN_IDENTITY = "";
				CURRENT_PROJECT_VERSION = 1;
				DEFINES_MODULE = YES;
				DEVELOPMENT_TEAM = "";
				DYLIB_COMPATIBILITY_VERSION = 1;
				DYLIB_CURRENT_VERSION = 1;
				DYLIB_INSTALL_NAME_BASE = "@rpath";
				ENABLE_BITCODE = NO;
				"EXCLUDED_ARCHS[sdk=appletvsimulator*]" = arm64;
				FRAMEWORK_SEARCH_PATHS = (
					"$(inherited)",
					"$(PROJECT_DIR)/Carthage/Build/tvOS",
				);
				INFOPLIST_FILE = "$(SRCROOT)/InAppPurchaseANE/Info.plist";
				INSTALL_PATH = "$(LOCAL_LIBRARY_DIR)/Frameworks";
				IPHONEOS_DEPLOYMENT_TARGET = 9.0;
				LD_RUNPATH_SEARCH_PATHS = (
					"$(inherited)",
					"@executable_path/Frameworks",
					"@loader_path/Frameworks",
				);
				MARKETING_VERSION = 1.7.0;
				OTHER_LDFLAGS = "-ObjC";
				PRODUCT_BUNDLE_IDENTIFIER = com.tuarua.InAppPurchaseANE;
				PRODUCT_NAME = InAppPurchaseANE_FW;
				PROVISIONING_PROFILE_SPECIFIER = "";
				SDKROOT = appletvos;
				SKIP_INSTALL = YES;
				SUPPORTS_MACCATALYST = NO;
				SWIFT_ACTIVE_COMPILATION_CONDITIONS = DEBUG;
				SWIFT_OPTIMIZATION_LEVEL = "-Onone";
				SWIFT_SWIFT3_OBJC_INFERENCE = Default;
				SWIFT_VERSION = 5.0;
				TARGETED_DEVICE_FAMILY = 3;
				TVOS_DEPLOYMENT_TARGET = 9.2;
				VERSIONING_SYSTEM = "apple-generic";
				VERSION_INFO_PREFIX = "";
			};
			name = Debug;
		};
		90E2F13423CA2116005C8D46 /* Release */ = {
			isa = XCBuildConfiguration;
			buildSettings = {
				ALWAYS_EMBED_SWIFT_STANDARD_LIBRARIES = NO;
				CLANG_ENABLE_MODULES = YES;
				CODE_SIGN_IDENTITY = "";
				CURRENT_PROJECT_VERSION = 1;
				DEFINES_MODULE = YES;
				DEVELOPMENT_TEAM = "";
				DYLIB_COMPATIBILITY_VERSION = 1;
				DYLIB_CURRENT_VERSION = 1;
				DYLIB_INSTALL_NAME_BASE = "@rpath";
				ENABLE_BITCODE = NO;
				"EXCLUDED_ARCHS[sdk=appletvsimulator*]" = arm64;
				FRAMEWORK_SEARCH_PATHS = (
					"$(inherited)",
					"$(PROJECT_DIR)/Carthage/Build/tvOS",
				);
				INFOPLIST_FILE = "$(SRCROOT)/InAppPurchaseANE/Info.plist";
				INSTALL_PATH = "$(LOCAL_LIBRARY_DIR)/Frameworks";
				IPHONEOS_DEPLOYMENT_TARGET = 9.0;
				LD_RUNPATH_SEARCH_PATHS = (
					"$(inherited)",
					"@executable_path/Frameworks",
					"@loader_path/Frameworks",
				);
				MARKETING_VERSION = 1.7.0;
				OTHER_LDFLAGS = "-ObjC";
				PRODUCT_BUNDLE_IDENTIFIER = com.tuarua.InAppPurchaseANE;
				PRODUCT_NAME = InAppPurchaseANE_FW;
				PROVISIONING_PROFILE_SPECIFIER = "";
				SDKROOT = appletvos;
				SKIP_INSTALL = YES;
				SUPPORTS_MACCATALYST = NO;
				SWIFT_COMPILATION_MODE = wholemodule;
				SWIFT_OPTIMIZATION_LEVEL = "-O";
				SWIFT_SWIFT3_OBJC_INFERENCE = Default;
				SWIFT_VERSION = 5.0;
				TARGETED_DEVICE_FAMILY = 3;
				TVOS_DEPLOYMENT_TARGET = 9.2;
				VERSIONING_SYSTEM = "apple-generic";
				VERSION_INFO_PREFIX = "";
			};
			name = Release;
		};
		90E2F14C23CA2636005C8D46 /* Debug */ = {
			isa = XCBuildConfiguration;
			buildSettings = {
				CLANG_CXX_LANGUAGE_STANDARD = "gnu++14";
				CLANG_ENABLE_OBJC_WEAK = YES;
				CLANG_WARN_UNGUARDED_AVAILABILITY = YES_AGGRESSIVE;
				CODE_SIGN_STYLE = Automatic;
				DEVELOPMENT_TEAM = FWEQJ32FGC;
				FRAMEWORK_SEARCH_PATHS = (
					"$(inherited)",
					"$(PROJECT_DIR)/Carthage/Build/tvOS",
				);
				GCC_C_LANGUAGE_STANDARD = gnu11;
				MTL_ENABLE_DEBUG_INFO = INCLUDE_SOURCE;
				MTL_FAST_MATH = YES;
				OTHER_LDFLAGS = "-ObjC";
				PRODUCT_NAME = InAppPurchaseANE_LIB;
				SDKROOT = appletvos;
				SKIP_INSTALL = YES;
				TARGETED_DEVICE_FAMILY = 3;
				TVOS_DEPLOYMENT_TARGET = 9.2;
			};
			name = Debug;
		};
		90E2F14D23CA2636005C8D46 /* Release */ = {
			isa = XCBuildConfiguration;
			buildSettings = {
				CLANG_CXX_LANGUAGE_STANDARD = "gnu++14";
				CLANG_ENABLE_OBJC_WEAK = YES;
				CLANG_WARN_UNGUARDED_AVAILABILITY = YES_AGGRESSIVE;
				CODE_SIGN_STYLE = Automatic;
				DEVELOPMENT_TEAM = FWEQJ32FGC;
				"EXCLUDED_ARCHS[sdk=appletvsimulator*]" = arm64;
				FRAMEWORK_SEARCH_PATHS = (
					"$(inherited)",
					"$(PROJECT_DIR)/Carthage/Build/tvOS",
				);
				GCC_C_LANGUAGE_STANDARD = gnu11;
				MTL_FAST_MATH = YES;
				OTHER_LDFLAGS = "-ObjC";
				PRODUCT_NAME = InAppPurchaseANE_LIB;
				SDKROOT = appletvos;
				SKIP_INSTALL = YES;
				TARGETED_DEVICE_FAMILY = 3;
				TVOS_DEPLOYMENT_TARGET = 9.2;
			};
			name = Release;
		};
		90E2F16123CA29F6005C8D46 /* Debug */ = {
			isa = XCBuildConfiguration;
			buildSettings = {
				ALWAYS_EMBED_SWIFT_STANDARD_LIBRARIES = NO;
				ARCHS = x86_64;
				CLANG_CXX_LANGUAGE_STANDARD = "gnu++14";
				CLANG_ENABLE_OBJC_WEAK = YES;
				CLANG_WARN_UNGUARDED_AVAILABILITY = YES_AGGRESSIVE;
				CODE_SIGN_STYLE = Automatic;
				COMBINE_HIDPI_IMAGES = YES;
				CURRENT_PROJECT_VERSION = 1;
				DEFINES_MODULE = YES;
				DEVELOPMENT_TEAM = FWEQJ32FGC;
				DYLIB_COMPATIBILITY_VERSION = 1;
				DYLIB_CURRENT_VERSION = 1;
				DYLIB_INSTALL_NAME_BASE = "@rpath";
				FRAMEWORK_SEARCH_PATHS = (
					"$(inherited)",
					/Users/eoinlandy/SDKs/AIRSDK_32/runtimes/air/mac,
					"$(PROJECT_DIR)/Carthage/Build/Mac",
				);
				GCC_C_LANGUAGE_STANDARD = gnu11;
				INFOPLIST_FILE = "$(SRCROOT)/InAppPurchaseANE/Info.plist";
				INSTALL_PATH = "$(LOCAL_LIBRARY_DIR)/Frameworks";
				LD_RUNPATH_SEARCH_PATHS = (
					"$(inherited)",
					"@executable_path/../Frameworks",
					"@loader_path/Frameworks",
				);
				LIBRARY_SEARCH_PATHS = /Users/eoinlandy/SDKs/AIRSDK_32/runtimes/air/mac;
				MACOSX_DEPLOYMENT_TARGET = 10.12;
				MARKETING_VERSION = 1.7.0;
				MTL_ENABLE_DEBUG_INFO = INCLUDE_SOURCE;
				MTL_FAST_MATH = YES;
				OTHER_LDFLAGS = (
					"-weak_framework",
					"\"Adobe AIR\"",
					"-w",
					"-ObjC",
				);
				PRODUCT_BUNDLE_IDENTIFIER = com.tuarua.InAppPurchaseANE;
				PRODUCT_NAME = InAppPurchaseANE;
				SDKROOT = macosx;
				SKIP_INSTALL = YES;
				SWIFT_ACTIVE_COMPILATION_CONDITIONS = DEBUG;
				SWIFT_OPTIMIZATION_LEVEL = "-Onone";
				SWIFT_VERSION = 5.0;
				VERSIONING_SYSTEM = "apple-generic";
				VERSION_INFO_PREFIX = "";
			};
			name = Debug;
		};
		90E2F16223CA29F6005C8D46 /* Release */ = {
			isa = XCBuildConfiguration;
			buildSettings = {
				ALWAYS_EMBED_SWIFT_STANDARD_LIBRARIES = NO;
				ARCHS = x86_64;
				CLANG_CXX_LANGUAGE_STANDARD = "gnu++14";
				CLANG_ENABLE_OBJC_WEAK = YES;
				CLANG_WARN_UNGUARDED_AVAILABILITY = YES_AGGRESSIVE;
				CODE_SIGN_STYLE = Automatic;
				COMBINE_HIDPI_IMAGES = YES;
				CURRENT_PROJECT_VERSION = 1;
				DEFINES_MODULE = YES;
				DEVELOPMENT_TEAM = FWEQJ32FGC;
				DYLIB_COMPATIBILITY_VERSION = 1;
				DYLIB_CURRENT_VERSION = 1;
				DYLIB_INSTALL_NAME_BASE = "@rpath";
				FRAMEWORK_SEARCH_PATHS = (
					"$(inherited)",
					/Users/eoinlandy/SDKs/AIRSDK_32/runtimes/air/mac,
					"$(PROJECT_DIR)/Carthage/Build/Mac",
				);
				GCC_C_LANGUAGE_STANDARD = gnu11;
				INFOPLIST_FILE = "$(SRCROOT)/InAppPurchaseANE/Info.plist";
				INSTALL_PATH = "$(LOCAL_LIBRARY_DIR)/Frameworks";
				LD_RUNPATH_SEARCH_PATHS = (
					"$(inherited)",
					"@executable_path/../Frameworks",
					"@loader_path/Frameworks",
				);
				LIBRARY_SEARCH_PATHS = /Users/eoinlandy/SDKs/AIRSDK_32/runtimes/air/mac;
				MACOSX_DEPLOYMENT_TARGET = 10.12;
				MARKETING_VERSION = 1.7.0;
				MTL_FAST_MATH = YES;
				OTHER_LDFLAGS = (
					"-weak_framework",
					"\"Adobe AIR\"",
					"-w",
					"-ObjC",
				);
				PRODUCT_BUNDLE_IDENTIFIER = com.tuarua.InAppPurchaseANE;
				PRODUCT_NAME = InAppPurchaseANE;
				SDKROOT = macosx;
				SKIP_INSTALL = YES;
				SWIFT_VERSION = 5.0;
				VERSIONING_SYSTEM = "apple-generic";
				VERSION_INFO_PREFIX = "";
			};
			name = Release;
		};
		CE87F46C1FB259C9005CF7DF /* Debug */ = {
			isa = XCBuildConfiguration;
			buildSettings = {
				ALWAYS_SEARCH_USER_PATHS = NO;
				CLANG_ANALYZER_LOCALIZABILITY_NONLOCALIZED = YES;
				CLANG_ANALYZER_NONNULL = YES;
				CLANG_ANALYZER_NUMBER_OBJECT_CONVERSION = YES_AGGRESSIVE;
				CLANG_CXX_LANGUAGE_STANDARD = "gnu++0x";
				CLANG_CXX_LIBRARY = "libc++";
				CLANG_ENABLE_MODULES = YES;
				CLANG_ENABLE_OBJC_ARC = YES;
				CLANG_WARN_BLOCK_CAPTURE_AUTORELEASING = YES;
				CLANG_WARN_BOOL_CONVERSION = YES;
				CLANG_WARN_COMMA = YES;
				CLANG_WARN_CONSTANT_CONVERSION = YES;
				CLANG_WARN_DEPRECATED_OBJC_IMPLEMENTATIONS = YES;
				CLANG_WARN_DIRECT_OBJC_ISA_USAGE = YES_ERROR;
				CLANG_WARN_DOCUMENTATION_COMMENTS = YES;
				CLANG_WARN_EMPTY_BODY = YES;
				CLANG_WARN_ENUM_CONVERSION = YES;
				CLANG_WARN_INFINITE_RECURSION = YES;
				CLANG_WARN_INT_CONVERSION = YES;
				CLANG_WARN_NON_LITERAL_NULL_CONVERSION = YES;
				CLANG_WARN_OBJC_IMPLICIT_RETAIN_SELF = YES;
				CLANG_WARN_OBJC_LITERAL_CONVERSION = YES;
				CLANG_WARN_OBJC_ROOT_CLASS = YES_ERROR;
				CLANG_WARN_QUOTED_INCLUDE_IN_FRAMEWORK_HEADER = YES;
				CLANG_WARN_RANGE_LOOP_ANALYSIS = YES;
				CLANG_WARN_STRICT_PROTOTYPES = YES;
				CLANG_WARN_SUSPICIOUS_MOVE = YES;
				CLANG_WARN_UNREACHABLE_CODE = YES;
				CLANG_WARN__DUPLICATE_METHOD_MATCH = YES;
				"CODE_SIGN_IDENTITY[sdk=iphoneos*]" = "";
				COPY_PHASE_STRIP = NO;
				DEBUG_INFORMATION_FORMAT = dwarf;
				ENABLE_BITCODE = NO;
				ENABLE_STRICT_OBJC_MSGSEND = YES;
				ENABLE_TESTABILITY = YES;
				GCC_C_LANGUAGE_STANDARD = gnu99;
				GCC_DYNAMIC_NO_PIC = NO;
				GCC_NO_COMMON_BLOCKS = YES;
				GCC_OPTIMIZATION_LEVEL = 0;
				GCC_PREPROCESSOR_DEFINITIONS = (
					"DEBUG=1",
					"$(inherited)",
				);
				GCC_WARN_64_TO_32_BIT_CONVERSION = YES;
				GCC_WARN_ABOUT_RETURN_TYPE = YES_ERROR;
				GCC_WARN_UNDECLARED_SELECTOR = YES;
				GCC_WARN_UNINITIALIZED_AUTOS = YES_AGGRESSIVE;
				GCC_WARN_UNUSED_FUNCTION = YES;
				GCC_WARN_UNUSED_VARIABLE = YES;
				IPHONEOS_DEPLOYMENT_TARGET = 9.0;
				MTL_ENABLE_DEBUG_INFO = YES;
				ONLY_ACTIVE_ARCH = YES;
				OTHER_LDFLAGS = "-ObjC";
				SDKROOT = iphoneos;
				SWIFT_VERSION = 4.2;
			};
			name = Debug;
		};
		CE87F46D1FB259C9005CF7DF /* Release */ = {
			isa = XCBuildConfiguration;
			buildSettings = {
				ALWAYS_SEARCH_USER_PATHS = NO;
				CLANG_ANALYZER_LOCALIZABILITY_NONLOCALIZED = YES;
				CLANG_ANALYZER_NONNULL = YES;
				CLANG_ANALYZER_NUMBER_OBJECT_CONVERSION = YES_AGGRESSIVE;
				CLANG_CXX_LANGUAGE_STANDARD = "gnu++0x";
				CLANG_CXX_LIBRARY = "libc++";
				CLANG_ENABLE_MODULES = YES;
				CLANG_ENABLE_OBJC_ARC = YES;
				CLANG_WARN_BLOCK_CAPTURE_AUTORELEASING = YES;
				CLANG_WARN_BOOL_CONVERSION = YES;
				CLANG_WARN_COMMA = YES;
				CLANG_WARN_CONSTANT_CONVERSION = YES;
				CLANG_WARN_DEPRECATED_OBJC_IMPLEMENTATIONS = YES;
				CLANG_WARN_DIRECT_OBJC_ISA_USAGE = YES_ERROR;
				CLANG_WARN_DOCUMENTATION_COMMENTS = YES;
				CLANG_WARN_EMPTY_BODY = YES;
				CLANG_WARN_ENUM_CONVERSION = YES;
				CLANG_WARN_INFINITE_RECURSION = YES;
				CLANG_WARN_INT_CONVERSION = YES;
				CLANG_WARN_NON_LITERAL_NULL_CONVERSION = YES;
				CLANG_WARN_OBJC_IMPLICIT_RETAIN_SELF = YES;
				CLANG_WARN_OBJC_LITERAL_CONVERSION = YES;
				CLANG_WARN_OBJC_ROOT_CLASS = YES_ERROR;
				CLANG_WARN_QUOTED_INCLUDE_IN_FRAMEWORK_HEADER = YES;
				CLANG_WARN_RANGE_LOOP_ANALYSIS = YES;
				CLANG_WARN_STRICT_PROTOTYPES = YES;
				CLANG_WARN_SUSPICIOUS_MOVE = YES;
				CLANG_WARN_UNREACHABLE_CODE = YES;
				CLANG_WARN__DUPLICATE_METHOD_MATCH = YES;
				"CODE_SIGN_IDENTITY[sdk=iphoneos*]" = "";
				COPY_PHASE_STRIP = NO;
				DEBUG_INFORMATION_FORMAT = "dwarf-with-dsym";
				ENABLE_BITCODE = NO;
				ENABLE_NS_ASSERTIONS = NO;
				ENABLE_STRICT_OBJC_MSGSEND = YES;
				GCC_C_LANGUAGE_STANDARD = gnu99;
				GCC_NO_COMMON_BLOCKS = YES;
				GCC_WARN_64_TO_32_BIT_CONVERSION = YES;
				GCC_WARN_ABOUT_RETURN_TYPE = YES_ERROR;
				GCC_WARN_UNDECLARED_SELECTOR = YES;
				GCC_WARN_UNINITIALIZED_AUTOS = YES_AGGRESSIVE;
				GCC_WARN_UNUSED_FUNCTION = YES;
				GCC_WARN_UNUSED_VARIABLE = YES;
				IPHONEOS_DEPLOYMENT_TARGET = 9.0;
				MTL_ENABLE_DEBUG_INFO = NO;
				OTHER_LDFLAGS = "-ObjC";
				SDKROOT = iphoneos;
				SWIFT_COMPILATION_MODE = wholemodule;
				SWIFT_OPTIMIZATION_LEVEL = "-O";
				SWIFT_VERSION = 4.2;
				VALIDATE_PRODUCT = YES;
			};
			name = Release;
		};
		CE87F47C1FB259DB005CF7DF /* Debug */ = {
			isa = XCBuildConfiguration;
			buildSettings = {
				ALWAYS_EMBED_SWIFT_STANDARD_LIBRARIES = NO;
				CLANG_ENABLE_MODULES = YES;
				"CODE_SIGN_IDENTITY[sdk=iphoneos*]" = "";
				DEVELOPMENT_TEAM = "";
				ENABLE_BITCODE = NO;
				FRAMEWORK_SEARCH_PATHS = (
					"$(inherited)",
					"$(PROJECT_DIR)/Carthage/Build/iOS",
				);
				IPHONEOS_DEPLOYMENT_TARGET = 9.0;
				LD_RUNPATH_SEARCH_PATHS = (
					"$(inherited)",
					"@executable_path/Frameworks",
					"@loader_path/Frameworks",
				);
				OTHER_LDFLAGS = "-ObjC";
				PRODUCT_NAME = InAppPurchaseANE_LIB;
				SKIP_INSTALL = YES;
				SWIFT_OPTIMIZATION_LEVEL = "-Onone";
				SWIFT_VERSION = 4.2.1;
			};
			name = Debug;
		};
		CE87F47D1FB259DB005CF7DF /* Release */ = {
			isa = XCBuildConfiguration;
			buildSettings = {
				ALWAYS_EMBED_SWIFT_STANDARD_LIBRARIES = NO;
				CLANG_ENABLE_MODULES = YES;
				"CODE_SIGN_IDENTITY[sdk=iphoneos*]" = "";
				DEVELOPMENT_TEAM = "";
				ENABLE_BITCODE = NO;
				"EXCLUDED_ARCHS[sdk=iphonesimulator*]" = arm64;
				FRAMEWORK_SEARCH_PATHS = (
					"$(inherited)",
					"$(PROJECT_DIR)/Carthage/Build/iOS",
				);
				IPHONEOS_DEPLOYMENT_TARGET = 9.0;
				LD_RUNPATH_SEARCH_PATHS = (
					"$(inherited)",
					"@executable_path/Frameworks",
					"@loader_path/Frameworks",
				);
				OTHER_LDFLAGS = "-ObjC";
				PRODUCT_NAME = InAppPurchaseANE_LIB;
				SKIP_INSTALL = YES;
				SWIFT_VERSION = 4.2.1;
			};
			name = Release;
		};
		CE87F4891FB259FA005CF7DF /* Debug */ = {
			isa = XCBuildConfiguration;
			buildSettings = {
				ALWAYS_EMBED_SWIFT_STANDARD_LIBRARIES = NO;
				CLANG_ENABLE_MODULES = YES;
				CODE_SIGN_IDENTITY = "";
				CURRENT_PROJECT_VERSION = 1;
				DEFINES_MODULE = YES;
				DEVELOPMENT_TEAM = "";
				DYLIB_COMPATIBILITY_VERSION = 1;
				DYLIB_CURRENT_VERSION = 1;
				DYLIB_INSTALL_NAME_BASE = "@rpath";
				ENABLE_BITCODE = NO;
				"EXCLUDED_ARCHS[sdk=iphonesimulator*]" = arm64;
				FRAMEWORK_SEARCH_PATHS = (
					"$(inherited)",
					"$(PROJECT_DIR)/Carthage/Build/iOS",
				);
				INFOPLIST_FILE = "$(SRCROOT)/InAppPurchaseANE/Info.plist";
				INSTALL_PATH = "$(LOCAL_LIBRARY_DIR)/Frameworks";
				IPHONEOS_DEPLOYMENT_TARGET = 9.0;
				LD_RUNPATH_SEARCH_PATHS = (
					"$(inherited)",
					"@executable_path/Frameworks",
					"@loader_path/Frameworks",
				);
				MARKETING_VERSION = 1.7.0;
				OTHER_LDFLAGS = "-ObjC";
				PRODUCT_BUNDLE_IDENTIFIER = com.tuarua.InAppPurchaseANE;
				PRODUCT_NAME = InAppPurchaseANE_FW;
				PROVISIONING_PROFILE_SPECIFIER = "";
				SKIP_INSTALL = YES;
				SUPPORTS_MACCATALYST = NO;
				SWIFT_ACTIVE_COMPILATION_CONDITIONS = DEBUG;
				SWIFT_OPTIMIZATION_LEVEL = "-Onone";
				SWIFT_SWIFT3_OBJC_INFERENCE = Default;
				SWIFT_VERSION = 5.0;
				TARGETED_DEVICE_FAMILY = "1,2";
				VERSIONING_SYSTEM = "apple-generic";
				VERSION_INFO_PREFIX = "";
			};
			name = Debug;
		};
		CE87F48A1FB259FA005CF7DF /* Release */ = {
			isa = XCBuildConfiguration;
			buildSettings = {
				ALWAYS_EMBED_SWIFT_STANDARD_LIBRARIES = NO;
				CLANG_ENABLE_MODULES = YES;
				CODE_SIGN_IDENTITY = "";
				CURRENT_PROJECT_VERSION = 1;
				DEFINES_MODULE = YES;
				DEVELOPMENT_TEAM = "";
				DYLIB_COMPATIBILITY_VERSION = 1;
				DYLIB_CURRENT_VERSION = 1;
				DYLIB_INSTALL_NAME_BASE = "@rpath";
				ENABLE_BITCODE = NO;
				"EXCLUDED_ARCHS[sdk=iphonesimulator*]" = arm64;
				FRAMEWORK_SEARCH_PATHS = (
					"$(inherited)",
					"$(PROJECT_DIR)/Carthage/Build/iOS",
				);
				INFOPLIST_FILE = "$(SRCROOT)/InAppPurchaseANE/Info.plist";
				INSTALL_PATH = "$(LOCAL_LIBRARY_DIR)/Frameworks";
				IPHONEOS_DEPLOYMENT_TARGET = 9.0;
				LD_RUNPATH_SEARCH_PATHS = (
					"$(inherited)",
					"@executable_path/Frameworks",
					"@loader_path/Frameworks",
				);
				MARKETING_VERSION = 1.7.0;
				OTHER_LDFLAGS = "-ObjC";
				PRODUCT_BUNDLE_IDENTIFIER = com.tuarua.InAppPurchaseANE;
				PRODUCT_NAME = InAppPurchaseANE_FW;
				PROVISIONING_PROFILE_SPECIFIER = "";
				SKIP_INSTALL = YES;
				SUPPORTS_MACCATALYST = NO;
				SWIFT_COMPILATION_MODE = wholemodule;
				SWIFT_OPTIMIZATION_LEVEL = "-O";
				SWIFT_SWIFT3_OBJC_INFERENCE = Default;
				SWIFT_VERSION = 5.0;
				TARGETED_DEVICE_FAMILY = "1,2";
				VERSIONING_SYSTEM = "apple-generic";
				VERSION_INFO_PREFIX = "";
			};
			name = Release;
		};
/* End XCBuildConfiguration section */

/* Begin XCConfigurationList section */
		90E2F13223CA2116005C8D46 /* Build configuration list for PBXNativeTarget "InAppPurchaseANE_FW (tvOS)" */ = {
			isa = XCConfigurationList;
			buildConfigurations = (
				90E2F13323CA2116005C8D46 /* Debug */,
				90E2F13423CA2116005C8D46 /* Release */,
			);
			defaultConfigurationIsVisible = 0;
			defaultConfigurationName = Release;
		};
		90E2F14B23CA2636005C8D46 /* Build configuration list for PBXNativeTarget "InAppPurchaseANE_LIB (tvOS)" */ = {
			isa = XCConfigurationList;
			buildConfigurations = (
				90E2F14C23CA2636005C8D46 /* Debug */,
				90E2F14D23CA2636005C8D46 /* Release */,
			);
			defaultConfigurationIsVisible = 0;
			defaultConfigurationName = Release;
		};
		90E2F16023CA29F6005C8D46 /* Build configuration list for PBXNativeTarget "InAppPurchaseANE (macOS)" */ = {
			isa = XCConfigurationList;
			buildConfigurations = (
				90E2F16123CA29F6005C8D46 /* Debug */,
				90E2F16223CA29F6005C8D46 /* Release */,
			);
			defaultConfigurationIsVisible = 0;
			defaultConfigurationName = Release;
		};
		CE87F4601FB259C9005CF7DF /* Build configuration list for PBXProject "InAppPurchaseANE" */ = {
			isa = XCConfigurationList;
			buildConfigurations = (
				CE87F46C1FB259C9005CF7DF /* Debug */,
				CE87F46D1FB259C9005CF7DF /* Release */,
			);
			defaultConfigurationIsVisible = 0;
			defaultConfigurationName = Release;
		};
		CE87F47B1FB259DB005CF7DF /* Build configuration list for PBXNativeTarget "InAppPurchaseANE_LIB (iOS)" */ = {
			isa = XCConfigurationList;
			buildConfigurations = (
				CE87F47C1FB259DB005CF7DF /* Debug */,
				CE87F47D1FB259DB005CF7DF /* Release */,
			);
			defaultConfigurationIsVisible = 0;
			defaultConfigurationName = Release;
		};
		CE87F4881FB259FA005CF7DF /* Build configuration list for PBXNativeTarget "InAppPurchaseANE_FW (iOS)" */ = {
			isa = XCConfigurationList;
			buildConfigurations = (
				CE87F4891FB259FA005CF7DF /* Debug */,
				CE87F48A1FB259FA005CF7DF /* Release */,
			);
			defaultConfigurationIsVisible = 0;
			defaultConfigurationName = Release;
		};
/* End XCConfigurationList section */

/* Begin XCRemoteSwiftPackageReference section */
		90B723A623BF77E10033DF40 /* XCRemoteSwiftPackageReference "SwiftyJSON" */ = {
			isa = XCRemoteSwiftPackageReference;
			repositoryURL = "https://github.com/SwiftyJSON/SwiftyJSON.git";
			requirement = {
				kind = upToNextMajorVersion;
				minimumVersion = 5.0.0;
			};
		};
		90B723A923BF785E0033DF40 /* XCRemoteSwiftPackageReference "SwiftyStoreKit" */ = {
			isa = XCRemoteSwiftPackageReference;
			repositoryURL = "https://github.com/bizz84/SwiftyStoreKit.git";
			requirement = {
				kind = upToNextMajorVersion;
				minimumVersion = 0.15.0;
			};
		};
		90E2F11723CA2116005C8D46 /* XCRemoteSwiftPackageReference "SwiftyJSON" */ = {
			isa = XCRemoteSwiftPackageReference;
			repositoryURL = "https://github.com/SwiftyJSON/SwiftyJSON.git";
			requirement = {
				kind = upToNextMajorVersion;
				minimumVersion = 5.0.0;
			};
		};
		90E2F11923CA2116005C8D46 /* XCRemoteSwiftPackageReference "SwiftyStoreKit" */ = {
			isa = XCRemoteSwiftPackageReference;
			repositoryURL = "https://github.com/bizz84/SwiftyStoreKit.git";
			requirement = {
				kind = upToNextMajorVersion;
				minimumVersion = 0.15.0;
			};
		};
/* End XCRemoteSwiftPackageReference section */

/* Begin XCSwiftPackageProductDependency section */
		90B723A723BF77E10033DF40 /* SwiftyJSON */ = {
			isa = XCSwiftPackageProductDependency;
			package = 90B723A623BF77E10033DF40 /* XCRemoteSwiftPackageReference "SwiftyJSON" */;
			productName = SwiftyJSON;
		};
		90B723AA23BF785E0033DF40 /* SwiftyStoreKit */ = {
			isa = XCSwiftPackageProductDependency;
			package = 90B723A923BF785E0033DF40 /* XCRemoteSwiftPackageReference "SwiftyStoreKit" */;
			productName = SwiftyStoreKit;
		};
		90E2F11623CA2116005C8D46 /* SwiftyJSON */ = {
			isa = XCSwiftPackageProductDependency;
			package = 90E2F11723CA2116005C8D46 /* XCRemoteSwiftPackageReference "SwiftyJSON" */;
			productName = SwiftyJSON;
		};
		90E2F11823CA2116005C8D46 /* SwiftyStoreKit */ = {
			isa = XCSwiftPackageProductDependency;
			package = 90E2F11923CA2116005C8D46 /* XCRemoteSwiftPackageReference "SwiftyStoreKit" */;
			productName = SwiftyStoreKit;
		};
		90E2F16523CA2A55005C8D46 /* SwiftyJSON */ = {
			isa = XCSwiftPackageProductDependency;
			package = 90B723A623BF77E10033DF40 /* XCRemoteSwiftPackageReference "SwiftyJSON" */;
			productName = SwiftyJSON;
		};
		90E2F16723CA2A5A005C8D46 /* SwiftyStoreKit */ = {
			isa = XCSwiftPackageProductDependency;
			package = 90B723A923BF785E0033DF40 /* XCRemoteSwiftPackageReference "SwiftyStoreKit" */;
			productName = SwiftyStoreKit;
		};
/* End XCSwiftPackageProductDependency section */
	};
	rootObject = CE87F45D1FB259C9005CF7DF /* Project object */;
}
